// !$*UTF8*$!
{
	archiveVersion = 1;
	classes = {
	};
	objectVersion = 77;
	objects = {

/* Begin PBXBuildFile section */
		176429857B534B116295B882 /* Theme.swift in Sources */ = {isa = PBXBuildFile; fileRef = 3DA991681C049F5B9232E8AD /* Theme.swift */; };
		3F80F8E1B9FC707EA01334FA /* EditorView.swift in Sources */ = {isa = PBXBuildFile; fileRef = D8E43EF1E8A2E10F1E9B970C /* EditorView.swift */; };
		4A4DC4C92F5D9E9E00B8375A /* GitService.swift in Sources */ = {isa = PBXBuildFile; fileRef = 4A4DC4C82F5D9E9E00B8375A /* GitService.swift */; };
		4A4DC4CD2F5DB6BD00B8375A /* SettingsView.swift in Sources */ = {isa = PBXBuildFile; fileRef = 4A4DC4CC2F5DB6BD00B8375A /* SettingsView.swift */; };
		89B0DD02BE38F860CA4DA9F5 /* TerminalPaneView.swift in Sources */ = {isa = PBXBuildFile; fileRef = C6E776DDA97E544C924703CD /* TerminalPaneView.swift */; };
		8EA422E9ED2F49954345DB60 /* FileTreeView.swift in Sources */ = {isa = PBXBuildFile; fileRef = 91225417549CE4B6454C2BB3 /* FileTreeView.swift */; };
		986B071DBEA6711AC84BE46D /* SwiftTerm in Frameworks */ = {isa = PBXBuildFile; productRef = 0FA5A06921DBF1C2EEEF28FF /* SwiftTerm */; };
		A66E7827DB301FCD115146F4 /* CommandPaletteView.swift in Sources */ = {isa = PBXBuildFile; fileRef = 4D1CCB8199A79ACB28FF2D48 /* CommandPaletteView.swift */; };
		AE87103BF1D9DA3FBD1F2D16 /* ContentView.swift in Sources */ = {isa = PBXBuildFile; fileRef = 1736A971B7173F018108BF51 /* ContentView.swift */; };
		C4780A4386EE882320F1487C /* Assets.xcassets in Resources */ = {isa = PBXBuildFile; fileRef = 21BECAB9CC4CDFD05C5164B5 /* Assets.xcassets */; };
		C47B40FD4775977503E93CB8 /* AppState.swift in Sources */ = {isa = PBXBuildFile; fileRef = 6CA6E810541C500FD0E733DE /* AppState.swift */; };
		DB24729741EDC5E632213C2D /* NotedApp.swift in Sources */ = {isa = PBXBuildFile; fileRef = 152582446E9AC0B1343551D2 /* NotedApp.swift */; };
		F38FF3252D2543213B02D7A4 /* FolderPickerView.swift in Sources */ = {isa = PBXBuildFile; fileRef = D03209C4FF3A5BE985FE616F /* FolderPickerView.swift */; };
		F89A87A8418BCB48A81249EE /* RelatedLinksPaneView.swift in Sources */ = {isa = PBXBuildFile; fileRef = 76DF35339CD613B627D01D61 /* RelatedLinksPaneView.swift */; };
		TT0000000000000011 /* AppStateCoreTests.swift in Sources */ = {isa = PBXBuildFile; fileRef = TT0000000000000001 /* AppStateCoreTests.swift */; };
		TT0000000000000012 /* AppStateFileOperationsTests.swift in Sources */ = {isa = PBXBuildFile; fileRef = TT0000000000000002 /* AppStateFileOperationsTests.swift */; };
		TT0000000000000013 /* AppStateNavigationTests.swift in Sources */ = {isa = PBXBuildFile; fileRef = TT0000000000000003 /* AppStateNavigationTests.swift */; };
		TT0000000000000014 /* AppStateRelativePathTests.swift in Sources */ = {isa = PBXBuildFile; fileRef = TT0000000000000004 /* AppStateRelativePathTests.swift */; };
		TT0000000000000015 /* AppStateWikiLinkTests.swift in Sources */ = {isa = PBXBuildFile; fileRef = TT0000000000000005 /* AppStateWikiLinkTests.swift */; };
		TT0000000000000081 /* AppStatePrepareNameTests.swift in Sources */ = {isa = PBXBuildFile; fileRef = TT0000000000000071 /* AppStatePrepareNameTests.swift */; };
		TT0000000000000082 /* AppStateRefreshAllFilesTests.swift in Sources */ = {isa = PBXBuildFile; fileRef = TT0000000000000072 /* AppStateRefreshAllFilesTests.swift */; };
		TT0000000000000083 /* FileTreeTests.swift in Sources */ = {isa = PBXBuildFile; fileRef = TT0000000000000073 /* FileTreeTests.swift */; };
		TT0000000000000084 /* GitErrorTests.swift in Sources */ = {isa = PBXBuildFile; fileRef = TT0000000000000074 /* GitErrorTests.swift */; };
		TT0000000000000085 /* GitSyncStatusTests.swift in Sources */ = {isa = PBXBuildFile; fileRef = TT0000000000000075 /* GitSyncStatusTests.swift */; };
/* End PBXBuildFile section */

/* Begin PBXFileReference section */
		152582446E9AC0B1343551D2 /* NotedApp.swift */ = {isa = PBXFileReference; lastKnownFileType = sourcecode.swift; path = NotedApp.swift; sourceTree = "<group>"; };
		1736A971B7173F018108BF51 /* ContentView.swift */ = {isa = PBXFileReference; lastKnownFileType = sourcecode.swift; path = ContentView.swift; sourceTree = "<group>"; };
		1D1590A70DA7E63DD33AF5B6 /* Info.plist */ = {isa = PBXFileReference; lastKnownFileType = text.plist; path = Info.plist; sourceTree = "<group>"; };
		21BECAB9CC4CDFD05C5164B5 /* Assets.xcassets */ = {isa = PBXFileReference; lastKnownFileType = folder.assetcatalog; path = Assets.xcassets; sourceTree = "<group>"; };
		2F6EE2C4CE0C9D0460958407 /* Noted.app */ = {isa = PBXFileReference; explicitFileType = wrapper.application; includeInIndex = 0; path = Noted.app; sourceTree = BUILT_PRODUCTS_DIR; };
		3DA991681C049F5B9232E8AD /* Theme.swift */ = {isa = PBXFileReference; lastKnownFileType = sourcecode.swift; path = Theme.swift; sourceTree = "<group>"; };
		4A4DC4C82F5D9E9E00B8375A /* GitService.swift */ = {isa = PBXFileReference; lastKnownFileType = sourcecode.swift; path = GitService.swift; sourceTree = "<group>"; };
		4A4DC4CC2F5DB6BD00B8375A /* SettingsView.swift */ = {isa = PBXFileReference; lastKnownFileType = sourcecode.swift; path = SettingsView.swift; sourceTree = "<group>"; };
		4D1CCB8199A79ACB28FF2D48 /* CommandPaletteView.swift */ = {isa = PBXFileReference; lastKnownFileType = sourcecode.swift; path = CommandPaletteView.swift; sourceTree = "<group>"; };
		6CA6E810541C500FD0E733DE /* AppState.swift */ = {isa = PBXFileReference; lastKnownFileType = sourcecode.swift; path = AppState.swift; sourceTree = "<group>"; };
		76DF35339CD613B627D01D61 /* RelatedLinksPaneView.swift */ = {isa = PBXFileReference; lastKnownFileType = sourcecode.swift; path = RelatedLinksPaneView.swift; sourceTree = "<group>"; };
		91225417549CE4B6454C2BB3 /* FileTreeView.swift */ = {isa = PBXFileReference; lastKnownFileType = sourcecode.swift; path = FileTreeView.swift; sourceTree = "<group>"; };
		AF237272C5B4C7411B6A3917 /* Noted.entitlements */ = {isa = PBXFileReference; lastKnownFileType = text.plist.entitlements; path = Noted.entitlements; sourceTree = "<group>"; };
		C6E776DDA97E544C924703CD /* TerminalPaneView.swift */ = {isa = PBXFileReference; lastKnownFileType = sourcecode.swift; path = TerminalPaneView.swift; sourceTree = "<group>"; };
		D03209C4FF3A5BE985FE616F /* FolderPickerView.swift */ = {isa = PBXFileReference; lastKnownFileType = sourcecode.swift; path = FolderPickerView.swift; sourceTree = "<group>"; };
		D8E43EF1E8A2E10F1E9B970C /* EditorView.swift */ = {isa = PBXFileReference; lastKnownFileType = sourcecode.swift; path = EditorView.swift; sourceTree = "<group>"; };
		TT0000000000000001 /* AppStateCoreTests.swift */ = {isa = PBXFileReference; lastKnownFileType = sourcecode.swift; path = AppStateCoreTests.swift; sourceTree = "<group>"; };
		TT0000000000000002 /* AppStateFileOperationsTests.swift */ = {isa = PBXFileReference; lastKnownFileType = sourcecode.swift; path = AppStateFileOperationsTests.swift; sourceTree = "<group>"; };
		TT0000000000000003 /* AppStateNavigationTests.swift */ = {isa = PBXFileReference; lastKnownFileType = sourcecode.swift; path = AppStateNavigationTests.swift; sourceTree = "<group>"; };
		TT0000000000000004 /* AppStateRelativePathTests.swift */ = {isa = PBXFileReference; lastKnownFileType = sourcecode.swift; path = AppStateRelativePathTests.swift; sourceTree = "<group>"; };
		TT0000000000000005 /* AppStateWikiLinkTests.swift */ = {isa = PBXFileReference; lastKnownFileType = sourcecode.swift; path = AppStateWikiLinkTests.swift; sourceTree = "<group>"; };
		TT0000000000000071 /* AppStatePrepareNameTests.swift */ = {isa = PBXFileReference; lastKnownFileType = sourcecode.swift; path = AppStatePrepareNameTests.swift; sourceTree = "<group>"; };
		TT0000000000000072 /* AppStateRefreshAllFilesTests.swift */ = {isa = PBXFileReference; lastKnownFileType = sourcecode.swift; path = AppStateRefreshAllFilesTests.swift; sourceTree = "<group>"; };
		TT0000000000000073 /* FileTreeTests.swift */ = {isa = PBXFileReference; lastKnownFileType = sourcecode.swift; path = FileTreeTests.swift; sourceTree = "<group>"; };
		TT0000000000000074 /* GitErrorTests.swift */ = {isa = PBXFileReference; lastKnownFileType = sourcecode.swift; path = GitErrorTests.swift; sourceTree = "<group>"; };
		TT0000000000000075 /* GitSyncStatusTests.swift */ = {isa = PBXFileReference; lastKnownFileType = sourcecode.swift; path = GitSyncStatusTests.swift; sourceTree = "<group>"; };
		TT0000000000000006 /* NotedTests.xctest */ = {isa = PBXFileReference; explicitFileType = wrapper.cfbundle; includeInIndex = 0; path = NotedTests.xctest; sourceTree = BUILT_PRODUCTS_DIR; };
/* End PBXFileReference section */

/* Begin PBXFrameworksBuildPhase section */
		8FDA1FF356272C25DB4169EF /* Frameworks */ = {
			isa = PBXFrameworksBuildPhase;
			buildActionMask = 2147483647;
			files = (
				986B071DBEA6711AC84BE46D /* SwiftTerm in Frameworks */,
			);
			runOnlyForDeploymentPostprocessing = 0;
		};
/* End PBXFrameworksBuildPhase section */

/* Begin PBXGroup section */
		4C88ACAF9CF020BBEB4CD8C0 /* Noted */ = {
			isa = PBXGroup;
			children = (
				4A4DC4C82F5D9E9E00B8375A /* GitService.swift */,
				6CA6E810541C500FD0E733DE /* AppState.swift */,
				21BECAB9CC4CDFD05C5164B5 /* Assets.xcassets */,
				4D1CCB8199A79ACB28FF2D48 /* CommandPaletteView.swift */,
				1736A971B7173F018108BF51 /* ContentView.swift */,
				D8E43EF1E8A2E10F1E9B970C /* EditorView.swift */,
				91225417549CE4B6454C2BB3 /* FileTreeView.swift */,
				D03209C4FF3A5BE985FE616F /* FolderPickerView.swift */,
				1D1590A70DA7E63DD33AF5B6 /* Info.plist */,
				AF237272C5B4C7411B6A3917 /* Noted.entitlements */,
				152582446E9AC0B1343551D2 /* NotedApp.swift */,
				4A4DC4CC2F5DB6BD00B8375A /* SettingsView.swift */,
				76DF35339CD613B627D01D61 /* RelatedLinksPaneView.swift */,
				C6E776DDA97E544C924703CD /* TerminalPaneView.swift */,
				3DA991681C049F5B9232E8AD /* Theme.swift */,
			);
			path = Noted;
			sourceTree = "<group>";
		};
		8E000681539F1195DC509FAD = {
			isa = PBXGroup;
			children = (
				4C88ACAF9CF020BBEB4CD8C0 /* Noted */,
				TT0000000000000021 /* NotedTests */,
				996C447EDDC30284535FE01B /* Products */,
			);
			sourceTree = "<group>";
		};
		996C447EDDC30284535FE01B /* Products */ = {
			isa = PBXGroup;
			children = (
				2F6EE2C4CE0C9D0460958407 /* Noted.app */,
				TT0000000000000006 /* NotedTests.xctest */,
			);
			name = Products;
			sourceTree = "<group>";
		};
		TT0000000000000021 /* NotedTests */ = {
			isa = PBXGroup;
			children = (
				TT0000000000000001 /* AppStateCoreTests.swift */,
				TT0000000000000002 /* AppStateFileOperationsTests.swift */,
				TT0000000000000003 /* AppStateNavigationTests.swift */,
				TT0000000000000071 /* AppStatePrepareNameTests.swift */,
				TT0000000000000072 /* AppStateRefreshAllFilesTests.swift */,
				TT0000000000000004 /* AppStateRelativePathTests.swift */,
				TT0000000000000005 /* AppStateWikiLinkTests.swift */,
				TT0000000000000073 /* FileTreeTests.swift */,
				TT0000000000000074 /* GitErrorTests.swift */,
				TT0000000000000075 /* GitSyncStatusTests.swift */,
			);
			path = NotedTests;
			sourceTree = "<group>";
		};
/* End PBXGroup section */

/* Begin PBXNativeTarget section */
		C2A1979F71AA6A4FCA9CA4EE /* Noted */ = {
			isa = PBXNativeTarget;
			buildConfigurationList = 137AA717F82446F0B0CA1374 /* Build configuration list for PBXNativeTarget "Noted" */;
			buildPhases = (
				6F7803F128E5E1E6FE641790 /* Sources */,
				E38AE96B48FE033EEB483795 /* Resources */,
				8FDA1FF356272C25DB4169EF /* Frameworks */,
			);
			buildRules = (
			);
			dependencies = (
			);
			name = Noted;
			packageProductDependencies = (
				0FA5A06921DBF1C2EEEF28FF /* SwiftTerm */,
			);
			productName = Noted;
			productReference = 2F6EE2C4CE0C9D0460958407 /* Noted.app */;
			productType = "com.apple.product-type.application";
		};
		TT0000000000000041 /* NotedTests */ = {
			isa = PBXNativeTarget;
			buildConfigurationList = TT0000000000000063 /* Build configuration list for PBXNativeTarget "NotedTests" */;
			buildPhases = (
				TT0000000000000031 /* Sources */,
			);
			buildRules = (
			);
			dependencies = (
				TT0000000000000052 /* PBXTargetDependency */,
			);
			name = NotedTests;
			productName = NotedTests;
			productReference = TT0000000000000006 /* NotedTests.xctest */;
			productType = "com.apple.product-type.bundle.unit-test";
		};
/* End PBXNativeTarget section */

/* Begin PBXProject section */
		BD02815E4329E19D6A6D9559 /* Project object */ = {
			isa = PBXProject;
			attributes = {
				BuildIndependentTargetsInParallel = YES;
				LastUpgradeCheck = 1600;
				TargetAttributes = {
					TT0000000000000041 = {
						TestTargetID = C2A1979F71AA6A4FCA9CA4EE;
					};
				};
			};
			buildConfigurationList = 9BB3ACF9E9B1BD9BC1BE14FE /* Build configuration list for PBXProject "Noted" */;
			developmentRegion = en;
			hasScannedForEncodings = 0;
			knownRegions = (
				Base,
				en,
			);
			mainGroup = 8E000681539F1195DC509FAD;
			minimizedProjectReferenceProxies = 1;
			packageReferences = (
				2CC3F28E973316503DF5465C /* XCRemoteSwiftPackageReference "SwiftTerm" */,
			);
			preferredProjectObjectVersion = 77;
			productRefGroup = 996C447EDDC30284535FE01B /* Products */;
			projectDirPath = "";
			projectRoot = "";
			targets = (
				C2A1979F71AA6A4FCA9CA4EE /* Noted */,
				TT0000000000000041 /* NotedTests */,
			);
		};
/* End PBXProject section */

/* Begin PBXResourcesBuildPhase section */
		E38AE96B48FE033EEB483795 /* Resources */ = {
			isa = PBXResourcesBuildPhase;
			buildActionMask = 2147483647;
			files = (
				C4780A4386EE882320F1487C /* Assets.xcassets in Resources */,
			);
			runOnlyForDeploymentPostprocessing = 0;
		};
/* End PBXResourcesBuildPhase section */

/* Begin PBXSourcesBuildPhase section */
		6F7803F128E5E1E6FE641790 /* Sources */ = {
			isa = PBXSourcesBuildPhase;
			buildActionMask = 2147483647;
			files = (
				C47B40FD4775977503E93CB8 /* AppState.swift in Sources */,
				A66E7827DB301FCD115146F4 /* CommandPaletteView.swift in Sources */,
				AE87103BF1D9DA3FBD1F2D16 /* ContentView.swift in Sources */,
				3F80F8E1B9FC707EA01334FA /* EditorView.swift in Sources */,
				8EA422E9ED2F49954345DB60 /* FileTreeView.swift in Sources */,
				F38FF3252D2543213B02D7A4 /* FolderPickerView.swift in Sources */,
				4A4DC4C92F5D9E9E00B8375A /* GitService.swift in Sources */,
				DB24729741EDC5E632213C2D /* NotedApp.swift in Sources */,
				F89A87A8418BCB48A81249EE /* RelatedLinksPaneView.swift in Sources */,
				4A4DC4CD2F5DB6BD00B8375A /* SettingsView.swift in Sources */,
				89B0DD02BE38F860CA4DA9F5 /* TerminalPaneView.swift in Sources */,
				176429857B534B116295B882 /* Theme.swift in Sources */,
			);
			runOnlyForDeploymentPostprocessing = 0;
		};
		TT0000000000000031 /* Sources */ = {
			isa = PBXSourcesBuildPhase;
			buildActionMask = 2147483487;
			files = (
				TT0000000000000011 /* AppStateCoreTests.swift in Sources */,
				TT0000000000000012 /* AppStateFileOperationsTests.swift in Sources */,
				TT0000000000000013 /* AppStateNavigationTests.swift in Sources */,
				TT0000000000000081 /* AppStatePrepareNameTests.swift in Sources */,
				TT0000000000000082 /* AppStateRefreshAllFilesTests.swift in Sources */,
				TT0000000000000014 /* AppStateRelativePathTests.swift in Sources */,
				TT0000000000000015 /* AppStateWikiLinkTests.swift in Sources */,
				TT0000000000000083 /* FileTreeTests.swift in Sources */,
				TT0000000000000084 /* GitErrorTests.swift in Sources */,
				TT0000000000000085 /* GitSyncStatusTests.swift in Sources */,
			);
			runOnlyForDeploymentPostprocessing = 0;
		};
/* End PBXSourcesBuildPhase section */

/* Begin PBXContainerItemProxy section */
		TT0000000000000051 /* PBXContainerItemProxy */ = {
			isa = PBXContainerItemProxy;
			containerPortal = BD02815E4329E19D6A6D9559 /* Project object */;
			proxyType = 1;
			remoteGlobalIDString = C2A1979F71AA6A4FCA9CA4EE;
			remoteInfo = Noted;
		};
/* End PBXContainerItemProxy section */

/* Begin PBXTargetDependency section */
		TT0000000000000052 /* PBXTargetDependency */ = {
			isa = PBXTargetDependency;
			target = C2A1979F71AA6A4FCA9CA4EE /* Noted */;
			targetProxy = TT0000000000000051 /* PBXContainerItemProxy */;
		};
/* End PBXTargetDependency section */

/* Begin XCBuildConfiguration section */
		250CEF3FD57AC1A906CE2C12 /* Release */ = {
			isa = XCBuildConfiguration;
			buildSettings = {
				ASSETCATALOG_COMPILER_APPICON_NAME = AppIcon;
				CODE_SIGN_ENTITLEMENTS = Noted/Noted.entitlements;
				COMBINE_HIDPI_IMAGES = YES;
				INFOPLIST_FILE = Noted/Info.plist;
				LD_RUNPATH_SEARCH_PATHS = (
					"$(inherited)",
					"@executable_path/../Frameworks",
				);
				MACOSX_DEPLOYMENT_TARGET = 14.0;
				PRODUCT_BUNDLE_IDENTIFIER = com.noted.app;
				SDKROOT = macosx;
				SWIFT_VERSION = 5.0;
			};
			name = Release;
		};
		470C8AC3822998037F4E8349 /* Debug */ = {
			isa = XCBuildConfiguration;
			buildSettings = {
				ALWAYS_SEARCH_USER_PATHS = NO;
				CLANG_ANALYZER_NONNULL = YES;
				CLANG_ANALYZER_NUMBER_OBJECT_CONVERSION = YES_AGGRESSIVE;
				CLANG_CXX_LANGUAGE_STANDARD = "gnu++14";
				CLANG_CXX_LIBRARY = "libc++";
				CLANG_ENABLE_MODULES = YES;
				CLANG_ENABLE_OBJC_ARC = YES;
				CLANG_ENABLE_OBJC_WEAK = YES;
				CLANG_WARN_BLOCK_CAPTURE_AUTORELEASING = YES;
				CLANG_WARN_BOOL_CONVERSION = YES;
				CLANG_WARN_COMMA = YES;
				CLANG_WARN_CONSTANT_CONVERSION = YES;
				CLANG_WARN_DEPRECATED_OBJC_IMPLEMENTATIONS = YES;
				CLANG_WARN_DIRECT_OBJC_ISA_USAGE = YES_ERROR;
				CLANG_WARN_DOCUMENTATION_COMMENTS = YES;
				CLANG_WARN_EMPTY_BODY = YES;
				CLANG_WARN_ENUM_CONVERSION = YES;
				CLANG_WARN_INFINITE_RECURSION = YES;
				CLANG_WARN_INT_CONVERSION = YES;
				CLANG_WARN_NON_LITERAL_NULL_CONVERSION = YES;
				CLANG_WARN_OBJC_IMPLICIT_RETAIN_SELF = YES;
				CLANG_WARN_OBJC_LITERAL_CONVERSION = YES;
				CLANG_WARN_OBJC_ROOT_CLASS = YES_ERROR;
				CLANG_WARN_QUOTED_INCLUDE_IN_FRAMEWORK_HEADER = YES;
				CLANG_WARN_RANGE_LOOP_ANALYSIS = YES;
				CLANG_WARN_STRICT_PROTOTYPES = YES;
				CLANG_WARN_SUSPICIOUS_MOVE = YES;
				CLANG_WARN_UNGUARDED_AVAILABILITY = YES_AGGRESSIVE;
				CLANG_WARN_UNREACHABLE_CODE = YES;
				CLANG_WARN__DUPLICATE_METHOD_MATCH = YES;
				COPY_PHASE_STRIP = NO;
				DEBUG_INFORMATION_FORMAT = dwarf;
				ENABLE_STRICT_OBJC_MSGSEND = YES;
				ENABLE_TESTABILITY = YES;
				GCC_C_LANGUAGE_STANDARD = gnu11;
				GCC_DYNAMIC_NO_PIC = NO;
				GCC_NO_COMMON_BLOCKS = YES;
				GCC_OPTIMIZATION_LEVEL = 0;
				GCC_PREPROCESSOR_DEFINITIONS = (
					"$(inherited)",
					"DEBUG=1",
				);
				GCC_WARN_64_TO_32_BIT_CONVERSION = YES;
				GCC_WARN_ABOUT_RETURN_TYPE = YES_ERROR;
				GCC_WARN_UNDECLARED_SELECTOR = YES;
				GCC_WARN_UNINITIALIZED_AUTOS = YES_AGGRESSIVE;
				GCC_WARN_UNUSED_FUNCTION = YES;
				GCC_WARN_UNUSED_VARIABLE = YES;
				MACOSX_DEPLOYMENT_TARGET = 14.0;
				MTL_ENABLE_DEBUG_INFO = INCLUDE_SOURCE;
				MTL_FAST_MATH = YES;
				ONLY_ACTIVE_ARCH = YES;
				PRODUCT_NAME = "$(TARGET_NAME)";
				SDKROOT = macosx;
				SWIFT_ACTIVE_COMPILATION_CONDITIONS = DEBUG;
				SWIFT_OPTIMIZATION_LEVEL = "-Onone";
				SWIFT_VERSION = 5.0;
			};
			name = Debug;
		};
		48C36B8DA9882EE4C44A7117 /* Debug */ = {
			isa = XCBuildConfiguration;
			buildSettings = {
				ASSETCATALOG_COMPILER_APPICON_NAME = AppIcon;
				CODE_SIGN_ENTITLEMENTS = Noted/Noted.entitlements;
				COMBINE_HIDPI_IMAGES = YES;
				INFOPLIST_FILE = Noted/Info.plist;
				LD_RUNPATH_SEARCH_PATHS = (
					"$(inherited)",
					"@executable_path/../Frameworks",
				);
				MACOSX_DEPLOYMENT_TARGET = 14.0;
				PRODUCT_BUNDLE_IDENTIFIER = com.noted.app;
				SDKROOT = macosx;
				SWIFT_VERSION = 5.0;
			};
			name = Debug;
		};
		8E766F47E093FF30B82F90C6 /* Release */ = {
			isa = XCBuildConfiguration;
			buildSettings = {
				ALWAYS_SEARCH_USER_PATHS = NO;
				CLANG_ANALYZER_NONNULL = YES;
				CLANG_ANALYZER_NUMBER_OBJECT_CONVERSION = YES_AGGRESSIVE;
				CLANG_CXX_LANGUAGE_STANDARD = "gnu++14";
				CLANG_CXX_LIBRARY = "libc++";
				CLANG_ENABLE_MODULES = YES;
				CLANG_ENABLE_OBJC_ARC = YES;
				CLANG_ENABLE_OBJC_WEAK = YES;
				CLANG_WARN_BLOCK_CAPTURE_AUTORELEASING = YES;
				CLANG_WARN_BOOL_CONVERSION = YES;
				CLANG_WARN_COMMA = YES;
				CLANG_WARN_CONSTANT_CONVERSION = YES;
				CLANG_WARN_DEPRECATED_OBJC_IMPLEMENTATIONS = YES;
				CLANG_WARN_DIRECT_OBJC_ISA_USAGE = YES_ERROR;
				CLANG_WARN_DOCUMENTATION_COMMENTS = YES;
				CLANG_WARN_EMPTY_BODY = YES;
				CLANG_WARN_ENUM_CONVERSION = YES;
				CLANG_WARN_INFINITE_RECURSION = YES;
				CLANG_WARN_INT_CONVERSION = YES;
				CLANG_WARN_NON_LITERAL_NULL_CONVERSION = YES;
				CLANG_WARN_OBJC_IMPLICIT_RETAIN_SELF = YES;
				CLANG_WARN_OBJC_LITERAL_CONVERSION = YES;
				CLANG_WARN_OBJC_ROOT_CLASS = YES_ERROR;
				CLANG_WARN_QUOTED_INCLUDE_IN_FRAMEWORK_HEADER = YES;
				CLANG_WARN_RANGE_LOOP_ANALYSIS = YES;
				CLANG_WARN_STRICT_PROTOTYPES = YES;
				CLANG_WARN_SUSPICIOUS_MOVE = YES;
				CLANG_WARN_UNGUARDED_AVAILABILITY = YES_AGGRESSIVE;
				CLANG_WARN_UNREACHABLE_CODE = YES;
				CLANG_WARN__DUPLICATE_METHOD_MATCH = YES;
				COPY_PHASE_STRIP = NO;
				DEBUG_INFORMATION_FORMAT = "dwarf-with-dsym";
				ENABLE_NS_ASSERTIONS = NO;
				ENABLE_STRICT_OBJC_MSGSEND = YES;
				GCC_C_LANGUAGE_STANDARD = gnu11;
				GCC_NO_COMMON_BLOCKS = YES;
				GCC_WARN_64_TO_32_BIT_CONVERSION = YES;
				GCC_WARN_ABOUT_RETURN_TYPE = YES_ERROR;
				GCC_WARN_UNDECLARED_SELECTOR = YES;
				GCC_WARN_UNINITIALIZED_AUTOS = YES_AGGRESSIVE;
				GCC_WARN_UNUSED_FUNCTION = YES;
				GCC_WARN_UNUSED_VARIABLE = YES;
				MACOSX_DEPLOYMENT_TARGET = 14.0;
				MTL_ENABLE_DEBUG_INFO = NO;
				MTL_FAST_MATH = YES;
				PRODUCT_NAME = "$(TARGET_NAME)";
				SDKROOT = macosx;
				SWIFT_COMPILATION_MODE = wholemodule;
				SWIFT_OPTIMIZATION_LEVEL = "-O";
				SWIFT_VERSION = 5.0;
			};
			name = Release;
		};
		TT0000000000000061 /* Debug */ = {
			isa = XCBuildConfiguration;
			buildSettings = {
				BUNDLE_LOADER = "$(TEST_HOST)";
				MACOSX_DEPLOYMENT_TARGET = 14.0;
				PRODUCT_BUNDLE_IDENTIFIER = com.noted.app.tests;
				PRODUCT_NAME = "$(TARGET_NAME)";
				SDKROOT = macosx;
				SWIFT_VERSION = 5.0;
				TEST_HOST = "$(BUILT_PRODUCTS_DIR)/Noted.app/Contents/MacOS/Noted";
			};
			name = Debug;
		};
		TT0000000000000062 /* Release */ = {
			isa = XCBuildConfiguration;
			buildSettings = {
				BUNDLE_LOADER = "$(TEST_HOST)";
				MACOSX_DEPLOYMENT_TARGET = 14.0;
				PRODUCT_BUNDLE_IDENTIFIER = com.noted.app.tests;
				PRODUCT_NAME = "$(TARGET_NAME)";
				SDKROOT = macosx;
				SWIFT_VERSION = 5.0;
				TEST_HOST = "$(BUILT_PRODUCTS_DIR)/Noted.app/Contents/MacOS/Noted";
			};
			name = Release;
		};
/* End XCBuildConfiguration section */

/* Begin XCConfigurationList section */
		137AA717F82446F0B0CA1374 /* Build configuration list for PBXNativeTarget "Noted" */ = {
			isa = XCConfigurationList;
			buildConfigurations = (
				48C36B8DA9882EE4C44A7117 /* Debug */,
				250CEF3FD57AC1A906CE2C12 /* Release */,
			);
			defaultConfigurationIsVisible = 0;
			defaultConfigurationName = Debug;
		};
		9BB3ACF9E9B1BD9BC1BE14FE /* Build configuration list for PBXProject "Noted" */ = {
			isa = XCConfigurationList;
			buildConfigurations = (
				470C8AC3822998037F4E8349 /* Debug */,
				8E766F47E093FF30B82F90C6 /* Release */,
			);
			defaultConfigurationIsVisible = 0;
			defaultConfigurationName = Debug;
		};
		TT0000000000000063 /* Build configuration list for PBXNativeTarget "NotedTests" */ = {
			isa = XCConfigurationList;
			buildConfigurations = (
				TT0000000000000061 /* Debug */,
				TT0000000000000062 /* Release */,
			);
			defaultConfigurationIsVisible = 0;
			defaultConfigurationName = Debug;
		};
/* End XCConfigurationList section */

/* Begin XCRemoteSwiftPackageReference section */
		2CC3F28E973316503DF5465C /* XCRemoteSwiftPackageReference "SwiftTerm" */ = {
			isa = XCRemoteSwiftPackageReference;
			repositoryURL = "https://github.com/migueldeicaza/SwiftTerm";
			requirement = {
				kind = upToNextMajorVersion;
				minimumVersion = 1.2.0;
			};
		};
/* End XCRemoteSwiftPackageReference section */

/* Begin XCSwiftPackageProductDependency section */
		0FA5A06921DBF1C2EEEF28FF /* SwiftTerm */ = {
			isa = XCSwiftPackageProductDependency;
			package = 2CC3F28E973316503DF5465C /* XCRemoteSwiftPackageReference "SwiftTerm" */;
			productName = SwiftTerm;
		};
/* End XCSwiftPackageProductDependency section */
	};
	rootObject = BD02815E4329E19D6A6D9559 /* Project object */;
}
